
Microsoft Visual Studio Solution File, Format Version 12.00
# Visual Studio Version 16
VisualStudioVersion = 16.0.29102.190
MinimumVisualStudioVersion = 10.0.40219.1
Project("{8BC9CEB8-8B4A-11D0-8D11-00A0C91BC942}") = "examples", "examples.vcxproj", "{F63FEBF0-01A1-466D-AA8C-945629A5C738}"
EndProject
Global
	GlobalSection(SolutionConfigurationPlatforms) = preSolution
		Debug|x64 = Debug|x64
		Debug|x86 = Debug|x86
		Release|x64 = Release|x64
		Release|x86 = Release|x86
	EndGlobalSection
	GlobalSection(ProjectConfigurationPlatforms) = postSolution
		{F63FEBF0-01A1-466D-AA8C-945629A5C738}.Debug|x64.ActiveCfg = Debug|x64
		{F63FEBF0-01A1-466D-AA8C-945629A5C738}.Debug|x64.Build.0 = Debug|x64
		{F63FEBF0-01A1-466D-AA8C-945629A5C738}.Debug|x86.ActiveCfg = Debug|Win32
		{F63FEBF0-01A1-466D-AA8C-945629A5C738}.Debug|x86.Build.0 = Debug|Win32
		{F63FEBF0-01A1-466D-AA8C-945629A5C738}.Release|x64.ActiveCfg = Release|x64
		{F63FEBF0-01A1-466D-AA8C-945629A5C738}.Release|x64.Build.0 = Release|x64
		{F63FEBF0-01A1-466D-AA8C-945629A5C738}.Release|x86.ActiveCfg = Release|Win32
		{F63FEBF0-01A1-466D-AA8C-945629A5C738}.Release|x86.Build.0 = Release|Win32
	EndGlobalSection
	GlobalSection(SolutionProperties) = preSolution
		HideSolutionNode = FALSE
	EndGlobalSection
	GlobalSection(ExtensibilityGlobals) = postSolution
		SolutionGuid = {FB2B2FAA-91E6-434C-A17E-21461CB5D41E}
	EndGlobalSection
EndGlobal
